
Microsoft Visual Studio Solution File, Format Version 12.00
# Visual Studio 15
VisualStudioVersion = 15.0.27428.2011
MinimumVisualStudioVersion = 10.0.40219.1
Project("{FAE04EC0-301F-11D3-BF4B-00C04F79EFBC}") = "StaffManager", "StaffManager\StaffManager.csproj", "{087B6DDF-692C-43E0-A032-227B43137D0D}"
EndProject
Project("{FAE04EC0-301F-11D3-BF4B-00C04F79EFBC}") = "StaffManager.Services", "StaffManager.Services\StaffManager.Services.csproj", "{3623D102-262C-4C6D-9554-C9605F31C589}"
EndProject
Project("{FAE04EC0-301F-11D3-BF4B-00C04F79EFBC}") = "StaffManager.Framework", "Framework\StaffManager.Framework.csproj", "{595D4D1F-5097-4ECA-880E-E79CF83E15D2}"
EndProject
Project("{FAE04EC0-301F-11D3-BF4B-00C04F79EFBC}") = "StaffMange.Models", "StaffMange.Models\StaffMange.Models.csproj", "{72AF5035-8469-4FEA-9234-2D2454F1E89B}"
EndProject
Project("{FAE04EC0-301F-11D3-BF4B-00C04F79EFBC}") = "StaffManage.IServices", "StaffManage.IServices\StaffManage.IServices.csproj", "{73154446-0807-49E7-9F46-20216D7D9787}"
EndProject
Global
	GlobalSection(SolutionConfigurationPlatforms) = preSolution
		Debug|Any CPU = Debug|Any CPU
		Release|Any CPU = Release|Any CPU
	EndGlobalSection
	GlobalSection(ProjectConfigurationPlatforms) = postSolution
		{087B6DDF-692C-43E0-A032-227B43137D0D}.Debug|Any CPU.ActiveCfg = Debug|Any CPU
		{087B6DDF-692C-43E0-A032-227B43137D0D}.Debug|Any CPU.Build.0 = Debug|Any CPU
		{087B6DDF-692C-43E0-A032-227B43137D0D}.Release|Any CPU.ActiveCfg = Release|Any CPU
		{087B6DDF-692C-43E0-A032-227B43137D0D}.Release|Any CPU.Build.0 = Release|Any CPU
		{3623D102-262C-4C6D-9554-C9605F31C589}.Debug|Any CPU.ActiveCfg = Debug|Any CPU
		{3623D102-262C-4C6D-9554-C9605F31C589}.Debug|Any CPU.Build.0 = Debug|Any CPU
		{3623D102-262C-4C6D-9554-C9605F31C589}.Release|Any CPU.ActiveCfg = Release|Any CPU
		{3623D102-262C-4C6D-9554-C9605F31C589}.Release|Any CPU.Build.0 = Release|Any CPU
		{595D4D1F-5097-4ECA-880E-E79CF83E15D2}.Debug|Any CPU.ActiveCfg = Debug|Any CPU
		{595D4D1F-5097-4ECA-880E-E79CF83E15D2}.Debug|Any CPU.Build.0 = Debug|Any CPU
		{595D4D1F-5097-4ECA-880E-E79CF83E15D2}.Release|Any CPU.ActiveCfg = Release|Any CPU
		{595D4D1F-5097-4ECA-880E-E79CF83E15D2}.Release|Any CPU.Build.0 = Release|Any CPU
		{72AF5035-8469-4FEA-9234-2D2454F1E89B}.Debug|Any CPU.ActiveCfg = Debug|Any CPU
		{72AF5035-8469-4FEA-9234-2D2454F1E89B}.Debug|Any CPU.Build.0 = Debug|Any CPU
		{72AF5035-8469-4FEA-9234-2D2454F1E89B}.Release|Any CPU.ActiveCfg = Release|Any CPU
		{72AF5035-8469-4FEA-9234-2D2454F1E89B}.Release|Any CPU.Build.0 = Release|Any CPU
		{73154446-0807-49E7-9F46-20216D7D9787}.Debug|Any CPU.ActiveCfg = Debug|Any CPU
		{73154446-0807-49E7-9F46-20216D7D9787}.Debug|Any CPU.Build.0 = Debug|Any CPU
		{73154446-0807-49E7-9F46-20216D7D9787}.Release|Any CPU.ActiveCfg = Release|Any CPU
		{73154446-0807-49E7-9F46-20216D7D9787}.Release|Any CPU.Build.0 = Release|Any CPU
	EndGlobalSection
	GlobalSection(SolutionProperties) = preSolution
		HideSolutionNode = FALSE
	EndGlobalSection
	GlobalSection(ExtensibilityGlobals) = postSolution
		SolutionGuid = {DB1019EE-42DB-4A5C-B430-B2EAFA1FF34B}
	EndGlobalSection
EndGlobal
